
Microsoft Visual Studio Solution File, Format Version 12.00
# Visual Studio Version 17
VisualStudioVersion = 17.10.34928.147
MinimumVisualStudioVersion = 10.0.40219.1
Project("{FAE04EC0-301F-11D3-BF4B-00C04F79EFBC}") = "TestUDPServer", "TestUDPServer.csproj", "{881F37C5-B63E-48A5-839D-041E117ABDF5}"
EndProject
Global
	GlobalSection(SolutionConfigurationPlatforms) = preSolution
		Debug|Any CPU = Debug|Any CPU
		Release|Any CPU = Release|Any CPU
	EndGlobalSection
	GlobalSection(ProjectConfigurationPlatforms) = postSolution
		{881F37C5-B63E-48A5-839D-041E117ABDF5}.Debug|Any CPU.ActiveCfg = Debug|Any CPU
		{881F37C5-B63E-48A5-839D-041E117ABDF5}.Debug|Any CPU.Build.0 = Debug|Any CPU
		{881F37C5-B63E-48A5-839D-041E117ABDF5}.Release|Any CPU.ActiveCfg = Release|Any CPU
		{881F37C5-B63E-48A5-839D-041E117ABDF5}.Release|Any CPU.Build.0 = Release|Any CPU
	EndGlobalSection
	GlobalSection(SolutionProperties) = preSolution
		HideSolutionNode = FALSE
	EndGlobalSection
	GlobalSection(ExtensibilityGlobals) = postSolution
		SolutionGuid = {4D09729C-5D36-434D-8BF1-A24E9BE9AD23}
	EndGlobalSection
EndGlobal
